
Microsoft Visual Studio Solution File, Format Version 12.00
# Visual Studio Version 16
VisualStudioVersion = 16.0.28922.388
MinimumVisualStudioVersion = 10.0.40219.1
Project("{FAE04EC0-301F-11D3-BF4B-00C04F79EFBC}") = "WindowsFormsApp1", "WindowsFormsApp1\WindowsFormsApp1.csproj", "{D6B3468F-BB37-49C2-A886-A53B3A598308}"
EndProject
Global
	GlobalSection(SolutionConfigurationPlatforms) = preSolution
		Debug|Any CPU = Debug|Any CPU
		Release|Any CPU = Release|Any CPU
	EndGlobalSection
	GlobalSection(ProjectConfigurationPlatforms) = postSolution
		{D6B3468F-BB37-49C2-A886-A53B3A598308}.Debug|Any CPU.ActiveCfg = Debug|Any CPU
		{D6B3468F-BB37-49C2-A886-A53B3A598308}.Debug|Any CPU.Build.0 = Debug|Any CPU
		{D6B3468F-BB37-49C2-A886-A53B3A598308}.Release|Any CPU.ActiveCfg = Release|Any CPU
		{D6B3468F-BB37-49C2-A886-A53B3A598308}.Release|Any CPU.Build.0 = Release|Any CPU
	EndGlobalSection
	GlobalSection(SolutionProperties) = preSolution
		HideSolutionNode = FALSE
	EndGlobalSection
	GlobalSection(ExtensibilityGlobals) = postSolution
		SolutionGuid = {54EBAE2A-2197-43A5-B3B6-D54E98C842E1}
	EndGlobalSection
EndGlobal
